
Microsoft Visual Studio Solution File, Format Version 12.00
# Visual Studio Version 17
VisualStudioVersion = 17.2.32526.322
MinimumVisualStudioVersion = 10.0.40219.1
Project("{FAE04EC0-301F-11D3-BF4B-00C04F79EFBC}") = "WPF ToDoList", "WPF ToDoList.csproj", "{72EFEE72-04B5-4957-A538-608869B778EB}"
EndProject
Global
	GlobalSection(SolutionConfigurationPlatforms) = preSolution
		Debug|Any CPU = Debug|Any CPU
		Release|Any CPU = Release|Any CPU
	EndGlobalSection
	GlobalSection(ProjectConfigurationPlatforms) = postSolution
		{72EFEE72-04B5-4957-A538-608869B778EB}.Debug|Any CPU.ActiveCfg = Debug|Any CPU
		{72EFEE72-04B5-4957-A538-608869B778EB}.Debug|Any CPU.Build.0 = Debug|Any CPU
		{72EFEE72-04B5-4957-A538-608869B778EB}.Release|Any CPU.ActiveCfg = Release|Any CPU
		{72EFEE72-04B5-4957-A538-608869B778EB}.Release|Any CPU.Build.0 = Release|Any CPU
	EndGlobalSection
	GlobalSection(SolutionProperties) = preSolution
		HideSolutionNode = FALSE
	EndGlobalSection
	GlobalSection(ExtensibilityGlobals) = postSolution
		SolutionGuid = {C3B9D8FC-D375-4E76-B95C-3418A5CC8CC3}
	EndGlobalSection
EndGlobal
